<?xml version="1.0" encoding="UTF-8" standalone="yes" ?>
<CodeBlocks_project_file>
	<FileVersion major="1" minor="6" />
	<Project>
		<Option title="language1" />
		<Option pch_mode="2" />
		<Option compiler="gcc" />
		<Build>
			<Target title="Debug">
				<Option output="bin/Debug/language1" prefix_auto="1" extension_auto="1" />
				<Option object_output="obj/Debug/" />
				<Option type="1" />
				<Option compiler="gcc" />
				<Option parameters='&quot;func main(){printint(f1(4));} func f1(x:int)=&gt;int{return 6+x*x}&quot;' />
				<Compiler>
					<Add option="-g" />
				</Compiler>
			</Target>
			<Target title="Release">
				<Option output="bin/Release/language1" prefix_auto="1" extension_auto="1" />
				<Option object_output="obj/Release/" />
				<Option type="1" />
				<Option compiler="gcc" />
				<Compiler>
					<Add option="-O2" />
				</Compiler>
				<Linker>
					<Add option="-s" />
				</Linker>
			</Target>
		</Build>
		<Compiler>
			<Add option="-Wall" />
			<Add option="-fexceptions" />
		</Compiler>
		<Unit filename="ast.cpp" />
		<Unit filename="ast.h" />
		<Unit filename="lexer.cpp" />
		<Unit filename="lexer.h" />
		<Unit filename="main.cpp" />
		<Unit filename="memo.txt">
			<Option target="&lt;{~None~}&gt;" />
		</Unit>
		<Unit filename="syntax.txt">
			<Option target="&lt;{~None~}&gt;" />
		</Unit>
		<Unit filename="utility.cpp" />
		<Unit filename="utility.h" />
		<Unit filename="vm.cpp" />
		<Unit filename="vm.h" />
		<Extensions>
			<code_completion />
			<envvars />
			<debugger />
		</Extensions>
	</Project>
</CodeBlocks_project_file>
